hash: 3db0d1e965fa5027fed5ee5cea677b49024580c3bbc238790196fce3b61b1247
updated: 2019-04-25T11:41:36.503954468+02:00
imports:
- name: github.com/gammazero/deque
  version: 2afb3858e9c73b567e0e05ea79906f4e1138bd4e
testImports:
- name: github.com/gopherjs/gopherjs
  version: bd77b112433e999447bf4bc599e36214ba494a99
  subpackages:
  - js
- name: github.com/jtolds/gls
  version: b4936e06046bbecbb94cae9c18127ebe510a2cb9
- name: github.com/smartystreets/assertions
  version: f487f9de1cd36ebab28235b9373028812fb47cbd
  subpackages:
  - internal/go-diff/diffmatchpatch
  - internal/go-render/render
  - internal/oglematchers
- name: github.com/smartystreets/goconvey
  version: 9e8dc3f972df6c8fcc0375ef492c24d0bb204857
  subpackages:
  - convey
  - convey/gotest
  - convey/reporting
